
Microsoft Visual Studio Solution File, Format Version 12.00
# Visual Studio 2012
Project("{FAE04EC0-301F-11D3-BF4B-00C04F79EFBC}") = "FCMXamarinExample", "FCMXamarinExample\FCMXamarinExample.csproj", "{F42B3EAE-714C-48F1-9A54-73E6F72CF154}"
EndProject
Project("{FAE04EC0-301F-11D3-BF4B-00C04F79EFBC}") = "FCMXamarinExample.iOS", "iOS\FCMXamarinExample.iOS.csproj", "{915AF0C3-9E71-4545-AAD9-E519BBC4E023}"
EndProject
Project("{FAE04EC0-301F-11D3-BF4B-00C04F79EFBC}") = "FCMXamarinExample.Droid", "Droid\FCMXamarinExample.Droid.csproj", "{B8CF27C9-AE16-443A-8148-49ED58F3255D}"
EndProject
Project("{FAE04EC0-301F-11D3-BF4B-00C04F79EFBC}") = "FCMXamarinExample.UITests", "UITests\FCMXamarinExample.UITests.csproj", "{9A1636D4-FB1D-4ED6-BEA7-B1F3C4966D17}"
EndProject
Global
	GlobalSection(SolutionConfigurationPlatforms) = preSolution
		Debug|Any CPU = Debug|Any CPU
		Release|Any CPU = Release|Any CPU
		Debug|iPhoneSimulator = Debug|iPhoneSimulator
		Release|iPhone = Release|iPhone
		Release|iPhoneSimulator = Release|iPhoneSimulator
		Debug|iPhone = Debug|iPhone
	EndGlobalSection
	GlobalSection(ProjectConfigurationPlatforms) = postSolution
		{F42B3EAE-714C-48F1-9A54-73E6F72CF154}.Debug|Any CPU.ActiveCfg = Debug|Any CPU
		{F42B3EAE-714C-48F1-9A54-73E6F72CF154}.Debug|Any CPU.Build.0 = Debug|Any CPU
		{F42B3EAE-714C-48F1-9A54-73E6F72CF154}.Release|Any CPU.ActiveCfg = Release|Any CPU
		{F42B3EAE-714C-48F1-9A54-73E6F72CF154}.Release|Any CPU.Build.0 = Release|Any CPU
		{F42B3EAE-714C-48F1-9A54-73E6F72CF154}.Debug|iPhoneSimulator.ActiveCfg = Debug|Any CPU
		{F42B3EAE-714C-48F1-9A54-73E6F72CF154}.Debug|iPhoneSimulator.Build.0 = Debug|Any CPU
		{F42B3EAE-714C-48F1-9A54-73E6F72CF154}.Release|iPhone.ActiveCfg = Release|Any CPU
		{F42B3EAE-714C-48F1-9A54-73E6F72CF154}.Release|iPhone.Build.0 = Release|Any CPU
		{F42B3EAE-714C-48F1-9A54-73E6F72CF154}.Release|iPhoneSimulator.ActiveCfg = Release|Any CPU
		{F42B3EAE-714C-48F1-9A54-73E6F72CF154}.Release|iPhoneSimulator.Build.0 = Release|Any CPU
		{F42B3EAE-714C-48F1-9A54-73E6F72CF154}.Debug|iPhone.ActiveCfg = Debug|Any CPU
		{F42B3EAE-714C-48F1-9A54-73E6F72CF154}.Debug|iPhone.Build.0 = Debug|Any CPU
		{915AF0C3-9E71-4545-AAD9-E519BBC4E023}.Debug|Any CPU.ActiveCfg = Debug|iPhoneSimulator
		{915AF0C3-9E71-4545-AAD9-E519BBC4E023}.Debug|Any CPU.Build.0 = Debug|iPhoneSimulator
		{915AF0C3-9E71-4545-AAD9-E519BBC4E023}.Release|Any CPU.ActiveCfg = Release|iPhone
		{915AF0C3-9E71-4545-AAD9-E519BBC4E023}.Release|Any CPU.Build.0 = Release|iPhone
		{915AF0C3-9E71-4545-AAD9-E519BBC4E023}.Debug|iPhoneSimulator.ActiveCfg = Debug|iPhoneSimulator
		{915AF0C3-9E71-4545-AAD9-E519BBC4E023}.Debug|iPhoneSimulator.Build.0 = Debug|iPhoneSimulator
		{915AF0C3-9E71-4545-AAD9-E519BBC4E023}.Release|iPhone.ActiveCfg = Release|iPhone
		{915AF0C3-9E71-4545-AAD9-E519BBC4E023}.Release|iPhone.Build.0 = Release|iPhone
		{915AF0C3-9E71-4545-AAD9-E519BBC4E023}.Release|iPhoneSimulator.ActiveCfg = Release|iPhoneSimulator
		{915AF0C3-9E71-4545-AAD9-E519BBC4E023}.Release|iPhoneSimulator.Build.0 = Release|iPhoneSimulator
		{915AF0C3-9E71-4545-AAD9-E519BBC4E023}.Debug|iPhone.ActiveCfg = Debug|iPhone
		{915AF0C3-9E71-4545-AAD9-E519BBC4E023}.Debug|iPhone.Build.0 = Debug|iPhone
		{B8CF27C9-AE16-443A-8148-49ED58F3255D}.Debug|Any CPU.ActiveCfg = Debug|Any CPU
		{B8CF27C9-AE16-443A-8148-49ED58F3255D}.Debug|Any CPU.Build.0 = Debug|Any CPU
		{B8CF27C9-AE16-443A-8148-49ED58F3255D}.Release|Any CPU.ActiveCfg = Release|Any CPU
		{B8CF27C9-AE16-443A-8148-49ED58F3255D}.Release|Any CPU.Build.0 = Release|Any CPU
		{B8CF27C9-AE16-443A-8148-49ED58F3255D}.Debug|iPhoneSimulator.ActiveCfg = Debug|Any CPU
		{B8CF27C9-AE16-443A-8148-49ED58F3255D}.Debug|iPhoneSimulator.Build.0 = Debug|Any CPU
		{B8CF27C9-AE16-443A-8148-49ED58F3255D}.Release|iPhone.ActiveCfg = Release|Any CPU
		{B8CF27C9-AE16-443A-8148-49ED58F3255D}.Release|iPhone.Build.0 = Release|Any CPU
		{B8CF27C9-AE16-443A-8148-49ED58F3255D}.Release|iPhoneSimulator.ActiveCfg = Release|Any CPU
		{B8CF27C9-AE16-443A-8148-49ED58F3255D}.Release|iPhoneSimulator.Build.0 = Release|Any CPU
		{B8CF27C9-AE16-443A-8148-49ED58F3255D}.Debug|iPhone.ActiveCfg = Debug|Any CPU
		{B8CF27C9-AE16-443A-8148-49ED58F3255D}.Debug|iPhone.Build.0 = Debug|Any CPU
		{9A1636D4-FB1D-4ED6-BEA7-B1F3C4966D17}.Debug|Any CPU.ActiveCfg = Debug|Any CPU
		{9A1636D4-FB1D-4ED6-BEA7-B1F3C4966D17}.Debug|Any CPU.Build.0 = Debug|Any CPU
		{9A1636D4-FB1D-4ED6-BEA7-B1F3C4966D17}.Release|Any CPU.ActiveCfg = Release|Any CPU
		{9A1636D4-FB1D-4ED6-BEA7-B1F3C4966D17}.Release|Any CPU.Build.0 = Release|Any CPU
		{9A1636D4-FB1D-4ED6-BEA7-B1F3C4966D17}.Debug|iPhoneSimulator.ActiveCfg = Debug|Any CPU
		{9A1636D4-FB1D-4ED6-BEA7-B1F3C4966D17}.Debug|iPhoneSimulator.Build.0 = Debug|Any CPU
		{9A1636D4-FB1D-4ED6-BEA7-B1F3C4966D17}.Release|iPhone.ActiveCfg = Release|Any CPU
		{9A1636D4-FB1D-4ED6-BEA7-B1F3C4966D17}.Release|iPhone.Build.0 = Release|Any CPU
		{9A1636D4-FB1D-4ED6-BEA7-B1F3C4966D17}.Release|iPhoneSimulator.ActiveCfg = Release|Any CPU
		{9A1636D4-FB1D-4ED6-BEA7-B1F3C4966D17}.Release|iPhoneSimulator.Build.0 = Release|Any CPU
		{9A1636D4-FB1D-4ED6-BEA7-B1F3C4966D17}.Debug|iPhone.ActiveCfg = Debug|Any CPU
		{9A1636D4-FB1D-4ED6-BEA7-B1F3C4966D17}.Debug|iPhone.Build.0 = Debug|Any CPU
	EndGlobalSection
EndGlobal
